
Microsoft Visual Studio Solution File, Format Version 12.00
# Visual Studio Version 17
VisualStudioVersion = 17.8.34330.188
MinimumVisualStudioVersion = 10.0.40219.1
Project("{FAE04EC0-301F-11D3-BF4B-00C04F79EFBC}") = "DosyaIslemOrnek14", "DosyaIslemOrnek14\DosyaIslemOrnek14.csproj", "{B987916D-7D44-428C-B932-37D6C6F08A4A}"
EndProject
Global
	GlobalSection(SolutionConfigurationPlatforms) = preSolution
		Debug|Any CPU = Debug|Any CPU
		Release|Any CPU = Release|Any CPU
	EndGlobalSection
	GlobalSection(ProjectConfigurationPlatforms) = postSolution
		{B987916D-7D44-428C-B932-37D6C6F08A4A}.Debug|Any CPU.ActiveCfg = Debug|Any CPU
		{B987916D-7D44-428C-B932-37D6C6F08A4A}.Debug|Any CPU.Build.0 = Debug|Any CPU
		{B987916D-7D44-428C-B932-37D6C6F08A4A}.Release|Any CPU.ActiveCfg = Release|Any CPU
		{B987916D-7D44-428C-B932-37D6C6F08A4A}.Release|Any CPU.Build.0 = Release|Any CPU
	EndGlobalSection
	GlobalSection(SolutionProperties) = preSolution
		HideSolutionNode = FALSE
	EndGlobalSection
	GlobalSection(ExtensibilityGlobals) = postSolution
		SolutionGuid = {26FAA1AB-306B-4DDA-9AB7-7B0A5BD21F82}
	EndGlobalSection
EndGlobal
